
Microsoft Visual Studio Solution File, Format Version 12.00
# Visual Studio Version 17
VisualStudioVersion = 17.0.31903.59
MinimumVisualStudioVersion = 10.0.40219.1
Project("{2150E333-8FDC-42A3-9474-1A3956D46DE8}") = "BuildingBlocks", "BuildingBlocks", "{7266C4A9-E384-DC00-0EB6-47F6002CFBA7}"
EndProject
Project("{FAE04EC0-301F-11D3-BF4B-00C04F79EFBC}") = "ErpSystem.BuildingBlocks", "BuildingBlocks\ErpSystem.BuildingBlocks\ErpSystem.BuildingBlocks.csproj", "{36E76444-28B4-4EC7-BFCA-5E80FDB1676F}"
EndProject
Project("{2150E333-8FDC-42A3-9474-1A3956D46DE8}") = "Services", "Services", "{5854FF58-B8C5-05C6-5BF2-ACE42193F22B}"
EndProject
Project("{2150E333-8FDC-42A3-9474-1A3956D46DE8}") = "Identity", "Identity", "{357A7C97-5AE1-023F-1442-0D9F9AF22A31}"
EndProject
Project("{FAE04EC0-301F-11D3-BF4B-00C04F79EFBC}") = "ErpSystem.Identity", "Services\Identity\ErpSystem.Identity\ErpSystem.Identity.csproj", "{65D2416D-BA35-494E-B1D4-85C8093E4785}"
EndProject
Project("{2150E333-8FDC-42A3-9474-1A3956D46DE8}") = "MasterData", "MasterData", "{592AE244-B8C3-7359-44CE-C8C9CEEB9BEC}"
EndProject
Project("{FAE04EC0-301F-11D3-BF4B-00C04F79EFBC}") = "ErpSystem.MasterData", "Services\MasterData\ErpSystem.MasterData\ErpSystem.MasterData.csproj", "{513E2BB8-454E-4538-8919-85AE49D2AFB5}"
EndProject
Project("{2150E333-8FDC-42A3-9474-1A3956D46DE8}") = "Gateways", "Gateways", "{C3A202AD-EADD-4864-49DF-ED20E2971546}"
EndProject
Project("{FAE04EC0-301F-11D3-BF4B-00C04F79EFBC}") = "ErpSystem.Gateway", "Gateways\ErpSystem.Gateway\ErpSystem.Gateway.csproj", "{043111A1-E0DC-471E-943A-1897DF1F43B9}"
EndProject
Project("{2150E333-8FDC-42A3-9474-1A3956D46DE8}") = "Finance", "Finance", "{A3EB3B8E-A382-883F-4EF5-65D661ECE351}"
EndProject
Project("{FAE04EC0-301F-11D3-BF4B-00C04F79EFBC}") = "ErpSystem.Finance", "Services\Finance\ErpSystem.Finance\ErpSystem.Finance.csproj", "{3ADF5172-5E65-4FC8-9B83-333767F4B44B}"
EndProject
Project("{2150E333-8FDC-42A3-9474-1A3956D46DE8}") = "Procurement", "Procurement", "{F906E1E3-8BE2-0270-E35A-0D3BD06BFDA1}"
EndProject
Project("{FAE04EC0-301F-11D3-BF4B-00C04F79EFBC}") = "ErpSystem.Procurement", "Services\Procurement\ErpSystem.Procurement\ErpSystem.Procurement.csproj", "{66CD3C3A-97C0-4372-A361-F548AEE8F8ED}"
EndProject
Project("{2150E333-8FDC-42A3-9474-1A3956D46DE8}") = "Inventory", "Inventory", "{E968773F-A3F0-8B5A-CFB8-BE121AA8E63F}"
EndProject
Project("{FAE04EC0-301F-11D3-BF4B-00C04F79EFBC}") = "ErpSystem.Inventory", "Services\Inventory\ErpSystem.Inventory\ErpSystem.Inventory.csproj", "{62D4FA51-79CB-4896-B1C8-F414593E7AFC}"
EndProject
Project("{2150E333-8FDC-42A3-9474-1A3956D46DE8}") = "Sales", "Sales", "{00D5FA09-9A52-E7D4-27A8-8813305D18EB}"
EndProject
Project("{FAE04EC0-301F-11D3-BF4B-00C04F79EFBC}") = "ErpSystem.Sales", "Services\Sales\ErpSystem.Sales\ErpSystem.Sales.csproj", "{B896FD49-27AC-4334-8938-E09F4F394E14}"
EndProject
Project("{2150E333-8FDC-42A3-9474-1A3956D46DE8}") = "Production", "Production", "{3A4FE308-54B2-BF21-A95D-115C872F7699}"
EndProject
Project("{FAE04EC0-301F-11D3-BF4B-00C04F79EFBC}") = "ErpSystem.Production", "Services\Production\ErpSystem.Production\ErpSystem.Production.csproj", "{9FF47C41-6D7C-4F14-A4FB-8CCA0C8E7814}"
EndProject
Project("{2150E333-8FDC-42A3-9474-1A3956D46DE8}") = "HR", "HR", "{6B2CB54C-E7F8-C45B-A4DA-FB37389901FF}"
EndProject
Project("{FAE04EC0-301F-11D3-BF4B-00C04F79EFBC}") = "ErpSystem.HR", "Services\HR\ErpSystem.HR\ErpSystem.HR.csproj", "{419342BC-468A-4F99-91D7-49CAE91284B5}"
EndProject
Project("{2150E333-8FDC-42A3-9474-1A3956D46DE8}") = "Tests", "Tests", "{0AB3BF05-4346-4AA6-1389-037BE0695223}"
EndProject
Project("{FAE04EC0-301F-11D3-BF4B-00C04F79EFBC}") = "ErpSystem.IntegrationTests", "Tests\ErpSystem.IntegrationTests\ErpSystem.IntegrationTests.csproj", "{D4825299-4BEA-40B0-9684-0A49CAF3AAD6}"
EndProject
Project("{2150E333-8FDC-42A3-9474-1A3956D46DE8}") = "Mrp", "Mrp", "{3479AA03-6830-43E2-4C23-E13F8C31719B}"
EndProject
Project("{FAE04EC0-301F-11D3-BF4B-00C04F79EFBC}") = "ErpSystem.Mrp", "Services\Mrp\ErpSystem.Mrp\ErpSystem.Mrp.csproj", "{37F333F3-E58F-4896-9A55-8FFAEAF1B733}"
EndProject
Project("{2150E333-8FDC-42A3-9474-1A3956D46DE8}") = "Automation", "Automation", "{1D1AC928-A29D-0601-8217-FA11C5391544}"
EndProject
Project("{FAE04EC0-301F-11D3-BF4B-00C04F79EFBC}") = "ErpSystem.Automation", "Services\Automation\ErpSystem.Automation\ErpSystem.Automation.csproj", "{468387C3-3A30-44B9-8847-9356DC9EB15E}"
EndProject
Project("{2150E333-8FDC-42A3-9474-1A3956D46DE8}") = "Quality", "Quality", "{395AF85C-13CF-F461-744E-D9404F985670}"
EndProject
Project("{FAE04EC0-301F-11D3-BF4B-00C04F79EFBC}") = "ErpSystem.Quality", "Services\Quality\ErpSystem.Quality\ErpSystem.Quality.csproj", "{B892D71C-9D06-4C2F-AB5A-C3087C95137F}"
EndProject
Project("{2150E333-8FDC-42A3-9474-1A3956D46DE8}") = "Analytics", "Analytics", "{093D18F0-D003-314D-5FF9-986B0F652A33}"
EndProject
Project("{FAE04EC0-301F-11D3-BF4B-00C04F79EFBC}") = "ErpSystem.Analytics", "Services\Analytics\ErpSystem.Analytics\ErpSystem.Analytics.csproj", "{12FE6B07-F9C1-4CAC-B544-E8BE5673C9BC}"
EndProject
Project("{2150E333-8FDC-42A3-9474-1A3956D46DE8}") = "Maintenance", "Maintenance", "{74573BF9-7780-B24A-18FF-7A0F5C65AAFB}"
EndProject
Project("{FAE04EC0-301F-11D3-BF4B-00C04F79EFBC}") = "ErpSystem.Maintenance", "Services\Maintenance\ErpSystem.Maintenance\ErpSystem.Maintenance.csproj", "{9B20A372-9DE8-4D4A-8536-FD77C359326D}"
EndProject
Project("{2150E333-8FDC-42A3-9474-1A3956D46DE8}") = "Reporting", "Reporting", "{694370DE-EFDF-417D-2C0B-565E7EEF2A7A}"
EndProject
Project("{FAE04EC0-301F-11D3-BF4B-00C04F79EFBC}") = "ErpSystem.Reporting", "Services\Reporting\ErpSystem.Reporting\ErpSystem.Reporting.csproj", "{6B14D07A-5873-4441-8386-5786BDF996C0}"
EndProject
Global
	GlobalSection(SolutionConfigurationPlatforms) = preSolution
		Debug|Any CPU = Debug|Any CPU
		Debug|x64 = Debug|x64
		Debug|x86 = Debug|x86
		Release|Any CPU = Release|Any CPU
		Release|x64 = Release|x64
		Release|x86 = Release|x86
	EndGlobalSection
	GlobalSection(ProjectConfigurationPlatforms) = postSolution
		{36E76444-28B4-4EC7-BFCA-5E80FDB1676F}.Debug|Any CPU.ActiveCfg = Debug|Any CPU
		{36E76444-28B4-4EC7-BFCA-5E80FDB1676F}.Debug|Any CPU.Build.0 = Debug|Any CPU
		{36E76444-28B4-4EC7-BFCA-5E80FDB1676F}.Debug|x64.ActiveCfg = Debug|Any CPU
		{36E76444-28B4-4EC7-BFCA-5E80FDB1676F}.Debug|x64.Build.0 = Debug|Any CPU
		{36E76444-28B4-4EC7-BFCA-5E80FDB1676F}.Debug|x86.ActiveCfg = Debug|Any CPU
		{36E76444-28B4-4EC7-BFCA-5E80FDB1676F}.Debug|x86.Build.0 = Debug|Any CPU
		{36E76444-28B4-4EC7-BFCA-5E80FDB1676F}.Release|Any CPU.ActiveCfg = Release|Any CPU
		{36E76444-28B4-4EC7-BFCA-5E80FDB1676F}.Release|Any CPU.Build.0 = Release|Any CPU
		{36E76444-28B4-4EC7-BFCA-5E80FDB1676F}.Release|x64.ActiveCfg = Release|Any CPU
		{36E76444-28B4-4EC7-BFCA-5E80FDB1676F}.Release|x64.Build.0 = Release|Any CPU
		{36E76444-28B4-4EC7-BFCA-5E80FDB1676F}.Release|x86.ActiveCfg = Release|Any CPU
		{36E76444-28B4-4EC7-BFCA-5E80FDB1676F}.Release|x86.Build.0 = Release|Any CPU
		{65D2416D-BA35-494E-B1D4-85C8093E4785}.Debug|Any CPU.ActiveCfg = Debug|Any CPU
		{65D2416D-BA35-494E-B1D4-85C8093E4785}.Debug|Any CPU.Build.0 = Debug|Any CPU
		{65D2416D-BA35-494E-B1D4-85C8093E4785}.Debug|x64.ActiveCfg = Debug|Any CPU
		{65D2416D-BA35-494E-B1D4-85C8093E4785}.Debug|x64.Build.0 = Debug|Any CPU
		{65D2416D-BA35-494E-B1D4-85C8093E4785}.Debug|x86.ActiveCfg = Debug|Any CPU
		{65D2416D-BA35-494E-B1D4-85C8093E4785}.Debug|x86.Build.0 = Debug|Any CPU
		{65D2416D-BA35-494E-B1D4-85C8093E4785}.Release|Any CPU.ActiveCfg = Release|Any CPU
		{65D2416D-BA35-494E-B1D4-85C8093E4785}.Release|Any CPU.Build.0 = Release|Any CPU
		{65D2416D-BA35-494E-B1D4-85C8093E4785}.Release|x64.ActiveCfg = Release|Any CPU
		{65D2416D-BA35-494E-B1D4-85C8093E4785}.Release|x64.Build.0 = Release|Any CPU
		{65D2416D-BA35-494E-B1D4-85C8093E4785}.Release|x86.ActiveCfg = Release|Any CPU
		{65D2416D-BA35-494E-B1D4-85C8093E4785}.Release|x86.Build.0 = Release|Any CPU
		{513E2BB8-454E-4538-8919-85AE49D2AFB5}.Debug|Any CPU.ActiveCfg = Debug|Any CPU
		{513E2BB8-454E-4538-8919-85AE49D2AFB5}.Debug|Any CPU.Build.0 = Debug|Any CPU
		{513E2BB8-454E-4538-8919-85AE49D2AFB5}.Debug|x64.ActiveCfg = Debug|Any CPU
		{513E2BB8-454E-4538-8919-85AE49D2AFB5}.Debug|x64.Build.0 = Debug|Any CPU
		{513E2BB8-454E-4538-8919-85AE49D2AFB5}.Debug|x86.ActiveCfg = Debug|Any CPU
		{513E2BB8-454E-4538-8919-85AE49D2AFB5}.Debug|x86.Build.0 = Debug|Any CPU
		{513E2BB8-454E-4538-8919-85AE49D2AFB5}.Release|Any CPU.ActiveCfg = Release|Any CPU
		{513E2BB8-454E-4538-8919-85AE49D2AFB5}.Release|Any CPU.Build.0 = Release|Any CPU
		{513E2BB8-454E-4538-8919-85AE49D2AFB5}.Release|x64.ActiveCfg = Release|Any CPU
		{513E2BB8-454E-4538-8919-85AE49D2AFB5}.Release|x64.Build.0 = Release|Any CPU
		{513E2BB8-454E-4538-8919-85AE49D2AFB5}.Release|x86.ActiveCfg = Release|Any CPU
		{513E2BB8-454E-4538-8919-85AE49D2AFB5}.Release|x86.Build.0 = Release|Any CPU
		{043111A1-E0DC-471E-943A-1897DF1F43B9}.Debug|Any CPU.ActiveCfg = Debug|Any CPU
		{043111A1-E0DC-471E-943A-1897DF1F43B9}.Debug|Any CPU.Build.0 = Debug|Any CPU
		{043111A1-E0DC-471E-943A-1897DF1F43B9}.Debug|x64.ActiveCfg = Debug|Any CPU
		{043111A1-E0DC-471E-943A-1897DF1F43B9}.Debug|x64.Build.0 = Debug|Any CPU
		{043111A1-E0DC-471E-943A-1897DF1F43B9}.Debug|x86.ActiveCfg = Debug|Any CPU
		{043111A1-E0DC-471E-943A-1897DF1F43B9}.Debug|x86.Build.0 = Debug|Any CPU
		{043111A1-E0DC-471E-943A-1897DF1F43B9}.Release|Any CPU.ActiveCfg = Release|Any CPU
		{043111A1-E0DC-471E-943A-1897DF1F43B9}.Release|Any CPU.Build.0 = Release|Any CPU
		{043111A1-E0DC-471E-943A-1897DF1F43B9}.Release|x64.ActiveCfg = Release|Any CPU
		{043111A1-E0DC-471E-943A-1897DF1F43B9}.Release|x64.Build.0 = Release|Any CPU
		{043111A1-E0DC-471E-943A-1897DF1F43B9}.Release|x86.ActiveCfg = Release|Any CPU
		{043111A1-E0DC-471E-943A-1897DF1F43B9}.Release|x86.Build.0 = Release|Any CPU
		{3ADF5172-5E65-4FC8-9B83-333767F4B44B}.Debug|Any CPU.ActiveCfg = Debug|Any CPU
		{3ADF5172-5E65-4FC8-9B83-333767F4B44B}.Debug|Any CPU.Build.0 = Debug|Any CPU
		{3ADF5172-5E65-4FC8-9B83-333767F4B44B}.Debug|x64.ActiveCfg = Debug|Any CPU
		{3ADF5172-5E65-4FC8-9B83-333767F4B44B}.Debug|x64.Build.0 = Debug|Any CPU
		{3ADF5172-5E65-4FC8-9B83-333767F4B44B}.Debug|x86.ActiveCfg = Debug|Any CPU
		{3ADF5172-5E65-4FC8-9B83-333767F4B44B}.Debug|x86.Build.0 = Debug|Any CPU
		{3ADF5172-5E65-4FC8-9B83-333767F4B44B}.Release|Any CPU.ActiveCfg = Release|Any CPU
		{3ADF5172-5E65-4FC8-9B83-333767F4B44B}.Release|Any CPU.Build.0 = Release|Any CPU
		{3ADF5172-5E65-4FC8-9B83-333767F4B44B}.Release|x64.ActiveCfg = Release|Any CPU
		{3ADF5172-5E65-4FC8-9B83-333767F4B44B}.Release|x64.Build.0 = Release|Any CPU
		{3ADF5172-5E65-4FC8-9B83-333767F4B44B}.Release|x86.ActiveCfg = Release|Any CPU
		{3ADF5172-5E65-4FC8-9B83-333767F4B44B}.Release|x86.Build.0 = Release|Any CPU
		{66CD3C3A-97C0-4372-A361-F548AEE8F8ED}.Debug|Any CPU.ActiveCfg = Debug|Any CPU
		{66CD3C3A-97C0-4372-A361-F548AEE8F8ED}.Debug|Any CPU.Build.0 = Debug|Any CPU
		{66CD3C3A-97C0-4372-A361-F548AEE8F8ED}.Debug|x64.ActiveCfg = Debug|Any CPU
		{66CD3C3A-97C0-4372-A361-F548AEE8F8ED}.Debug|x64.Build.0 = Debug|Any CPU
		{66CD3C3A-97C0-4372-A361-F548AEE8F8ED}.Debug|x86.ActiveCfg = Debug|Any CPU
		{66CD3C3A-97C0-4372-A361-F548AEE8F8ED}.Debug|x86.Build.0 = Debug|Any CPU
		{66CD3C3A-97C0-4372-A361-F548AEE8F8ED}.Release|Any CPU.ActiveCfg = Release|Any CPU
		{66CD3C3A-97C0-4372-A361-F548AEE8F8ED}.Release|Any CPU.Build.0 = Release|Any CPU
		{66CD3C3A-97C0-4372-A361-F548AEE8F8ED}.Release|x64.ActiveCfg = Release|Any CPU
		{66CD3C3A-97C0-4372-A361-F548AEE8F8ED}.Release|x64.Build.0 = Release|Any CPU
		{66CD3C3A-97C0-4372-A361-F548AEE8F8ED}.Release|x86.ActiveCfg = Release|Any CPU
		{66CD3C3A-97C0-4372-A361-F548AEE8F8ED}.Release|x86.Build.0 = Release|Any CPU
		{62D4FA51-79CB-4896-B1C8-F414593E7AFC}.Debug|Any CPU.ActiveCfg = Debug|Any CPU
		{62D4FA51-79CB-4896-B1C8-F414593E7AFC}.Debug|Any CPU.Build.0 = Debug|Any CPU
		{62D4FA51-79CB-4896-B1C8-F414593E7AFC}.Debug|x64.ActiveCfg = Debug|Any CPU
		{62D4FA51-79CB-4896-B1C8-F414593E7AFC}.Debug|x64.Build.0 = Debug|Any CPU
		{62D4FA51-79CB-4896-B1C8-F414593E7AFC}.Debug|x86.ActiveCfg = Debug|Any CPU
		{62D4FA51-79CB-4896-B1C8-F414593E7AFC}.Debug|x86.Build.0 = Debug|Any CPU
		{62D4FA51-79CB-4896-B1C8-F414593E7AFC}.Release|Any CPU.ActiveCfg = Release|Any CPU
		{62D4FA51-79CB-4896-B1C8-F414593E7AFC}.Release|Any CPU.Build.0 = Release|Any CPU
		{62D4FA51-79CB-4896-B1C8-F414593E7AFC}.Release|x64.ActiveCfg = Release|Any CPU
		{62D4FA51-79CB-4896-B1C8-F414593E7AFC}.Release|x64.Build.0 = Release|Any CPU
		{62D4FA51-79CB-4896-B1C8-F414593E7AFC}.Release|x86.ActiveCfg = Release|Any CPU
		{62D4FA51-79CB-4896-B1C8-F414593E7AFC}.Release|x86.Build.0 = Release|Any CPU
		{B896FD49-27AC-4334-8938-E09F4F394E14}.Debug|Any CPU.ActiveCfg = Debug|Any CPU
		{B896FD49-27AC-4334-8938-E09F4F394E14}.Debug|Any CPU.Build.0 = Debug|Any CPU
		{B896FD49-27AC-4334-8938-E09F4F394E14}.Debug|x64.ActiveCfg = Debug|Any CPU
		{B896FD49-27AC-4334-8938-E09F4F394E14}.Debug|x64.Build.0 = Debug|Any CPU
		{B896FD49-27AC-4334-8938-E09F4F394E14}.Debug|x86.ActiveCfg = Debug|Any CPU
		{B896FD49-27AC-4334-8938-E09F4F394E14}.Debug|x86.Build.0 = Debug|Any CPU
		{B896FD49-27AC-4334-8938-E09F4F394E14}.Release|Any CPU.ActiveCfg = Release|Any CPU
		{B896FD49-27AC-4334-8938-E09F4F394E14}.Release|Any CPU.Build.0 = Release|Any CPU
		{B896FD49-27AC-4334-8938-E09F4F394E14}.Release|x64.ActiveCfg = Release|Any CPU
		{B896FD49-27AC-4334-8938-E09F4F394E14}.Release|x64.Build.0 = Release|Any CPU
		{B896FD49-27AC-4334-8938-E09F4F394E14}.Release|x86.ActiveCfg = Release|Any CPU
		{B896FD49-27AC-4334-8938-E09F4F394E14}.Release|x86.Build.0 = Release|Any CPU
		{9FF47C41-6D7C-4F14-A4FB-8CCA0C8E7814}.Debug|Any CPU.ActiveCfg = Debug|Any CPU
		{9FF47C41-6D7C-4F14-A4FB-8CCA0C8E7814}.Debug|Any CPU.Build.0 = Debug|Any CPU
		{9FF47C41-6D7C-4F14-A4FB-8CCA0C8E7814}.Debug|x64.ActiveCfg = Debug|Any CPU
		{9FF47C41-6D7C-4F14-A4FB-8CCA0C8E7814}.Debug|x64.Build.0 = Debug|Any CPU
		{9FF47C41-6D7C-4F14-A4FB-8CCA0C8E7814}.Debug|x86.ActiveCfg = Debug|Any CPU
		{9FF47C41-6D7C-4F14-A4FB-8CCA0C8E7814}.Debug|x86.Build.0 = Debug|Any CPU
		{9FF47C41-6D7C-4F14-A4FB-8CCA0C8E7814}.Release|Any CPU.ActiveCfg = Release|Any CPU
		{9FF47C41-6D7C-4F14-A4FB-8CCA0C8E7814}.Release|Any CPU.Build.0 = Release|Any CPU
		{9FF47C41-6D7C-4F14-A4FB-8CCA0C8E7814}.Release|x64.ActiveCfg = Release|Any CPU
		{9FF47C41-6D7C-4F14-A4FB-8CCA0C8E7814}.Release|x64.Build.0 = Release|Any CPU
		{9FF47C41-6D7C-4F14-A4FB-8CCA0C8E7814}.Release|x86.ActiveCfg = Release|Any CPU
		{9FF47C41-6D7C-4F14-A4FB-8CCA0C8E7814}.Release|x86.Build.0 = Release|Any CPU
		{419342BC-468A-4F99-91D7-49CAE91284B5}.Debug|Any CPU.ActiveCfg = Debug|Any CPU
		{419342BC-468A-4F99-91D7-49CAE91284B5}.Debug|Any CPU.Build.0 = Debug|Any CPU
		{419342BC-468A-4F99-91D7-49CAE91284B5}.Debug|x64.ActiveCfg = Debug|Any CPU
		{419342BC-468A-4F99-91D7-49CAE91284B5}.Debug|x64.Build.0 = Debug|Any CPU
		{419342BC-468A-4F99-91D7-49CAE91284B5}.Debug|x86.ActiveCfg = Debug|Any CPU
		{419342BC-468A-4F99-91D7-49CAE91284B5}.Debug|x86.Build.0 = Debug|Any CPU
		{419342BC-468A-4F99-91D7-49CAE91284B5}.Release|Any CPU.ActiveCfg = Release|Any CPU
		{419342BC-468A-4F99-91D7-49CAE91284B5}.Release|Any CPU.Build.0 = Release|Any CPU
		{419342BC-468A-4F99-91D7-49CAE91284B5}.Release|x64.ActiveCfg = Release|Any CPU
		{419342BC-468A-4F99-91D7-49CAE91284B5}.Release|x64.Build.0 = Release|Any CPU
		{419342BC-468A-4F99-91D7-49CAE91284B5}.Release|x86.ActiveCfg = Release|Any CPU
		{419342BC-468A-4F99-91D7-49CAE91284B5}.Release|x86.Build.0 = Release|Any CPU
		{D4825299-4BEA-40B0-9684-0A49CAF3AAD6}.Debug|Any CPU.ActiveCfg = Debug|Any CPU
		{D4825299-4BEA-40B0-9684-0A49CAF3AAD6}.Debug|Any CPU.Build.0 = Debug|Any CPU
		{D4825299-4BEA-40B0-9684-0A49CAF3AAD6}.Debug|x64.ActiveCfg = Debug|Any CPU
		{D4825299-4BEA-40B0-9684-0A49CAF3AAD6}.Debug|x64.Build.0 = Debug|Any CPU
		{D4825299-4BEA-40B0-9684-0A49CAF3AAD6}.Debug|x86.ActiveCfg = Debug|Any CPU
		{D4825299-4BEA-40B0-9684-0A49CAF3AAD6}.Debug|x86.Build.0 = Debug|Any CPU
		{D4825299-4BEA-40B0-9684-0A49CAF3AAD6}.Release|Any CPU.ActiveCfg = Release|Any CPU
		{D4825299-4BEA-40B0-9684-0A49CAF3AAD6}.Release|Any CPU.Build.0 = Release|Any CPU
		{D4825299-4BEA-40B0-9684-0A49CAF3AAD6}.Release|x64.ActiveCfg = Release|Any CPU
		{D4825299-4BEA-40B0-9684-0A49CAF3AAD6}.Release|x64.Build.0 = Release|Any CPU
		{D4825299-4BEA-40B0-9684-0A49CAF3AAD6}.Release|x86.ActiveCfg = Release|Any CPU
		{D4825299-4BEA-40B0-9684-0A49CAF3AAD6}.Release|x86.Build.0 = Release|Any CPU
		{37F333F3-E58F-4896-9A55-8FFAEAF1B733}.Debug|Any CPU.ActiveCfg = Debug|Any CPU
		{37F333F3-E58F-4896-9A55-8FFAEAF1B733}.Debug|Any CPU.Build.0 = Debug|Any CPU
		{37F333F3-E58F-4896-9A55-8FFAEAF1B733}.Debug|x64.ActiveCfg = Debug|Any CPU
		{37F333F3-E58F-4896-9A55-8FFAEAF1B733}.Debug|x64.Build.0 = Debug|Any CPU
		{37F333F3-E58F-4896-9A55-8FFAEAF1B733}.Debug|x86.ActiveCfg = Debug|Any CPU
		{37F333F3-E58F-4896-9A55-8FFAEAF1B733}.Debug|x86.Build.0 = Debug|Any CPU
		{37F333F3-E58F-4896-9A55-8FFAEAF1B733}.Release|Any CPU.ActiveCfg = Release|Any CPU
		{37F333F3-E58F-4896-9A55-8FFAEAF1B733}.Release|Any CPU.Build.0 = Release|Any CPU
		{37F333F3-E58F-4896-9A55-8FFAEAF1B733}.Release|x64.ActiveCfg = Release|Any CPU
		{37F333F3-E58F-4896-9A55-8FFAEAF1B733}.Release|x64.Build.0 = Release|Any CPU
		{37F333F3-E58F-4896-9A55-8FFAEAF1B733}.Release|x86.ActiveCfg = Release|Any CPU
		{37F333F3-E58F-4896-9A55-8FFAEAF1B733}.Release|x86.Build.0 = Release|Any CPU
		{468387C3-3A30-44B9-8847-9356DC9EB15E}.Debug|Any CPU.ActiveCfg = Debug|Any CPU
		{468387C3-3A30-44B9-8847-9356DC9EB15E}.Debug|Any CPU.Build.0 = Debug|Any CPU
		{468387C3-3A30-44B9-8847-9356DC9EB15E}.Debug|x64.ActiveCfg = Debug|Any CPU
		{468387C3-3A30-44B9-8847-9356DC9EB15E}.Debug|x64.Build.0 = Debug|Any CPU
		{468387C3-3A30-44B9-8847-9356DC9EB15E}.Debug|x86.ActiveCfg = Debug|Any CPU
		{468387C3-3A30-44B9-8847-9356DC9EB15E}.Debug|x86.Build.0 = Debug|Any CPU
		{468387C3-3A30-44B9-8847-9356DC9EB15E}.Release|Any CPU.ActiveCfg = Release|Any CPU
		{468387C3-3A30-44B9-8847-9356DC9EB15E}.Release|Any CPU.Build.0 = Release|Any CPU
		{468387C3-3A30-44B9-8847-9356DC9EB15E}.Release|x64.ActiveCfg = Release|Any CPU
		{468387C3-3A30-44B9-8847-9356DC9EB15E}.Release|x64.Build.0 = Release|Any CPU
		{468387C3-3A30-44B9-8847-9356DC9EB15E}.Release|x86.ActiveCfg = Release|Any CPU
		{468387C3-3A30-44B9-8847-9356DC9EB15E}.Release|x86.Build.0 = Release|Any CPU
		{B892D71C-9D06-4C2F-AB5A-C3087C95137F}.Debug|Any CPU.ActiveCfg = Debug|Any CPU
		{B892D71C-9D06-4C2F-AB5A-C3087C95137F}.Debug|Any CPU.Build.0 = Debug|Any CPU
		{B892D71C-9D06-4C2F-AB5A-C3087C95137F}.Debug|x64.ActiveCfg = Debug|Any CPU
		{B892D71C-9D06-4C2F-AB5A-C3087C95137F}.Debug|x64.Build.0 = Debug|Any CPU
		{B892D71C-9D06-4C2F-AB5A-C3087C95137F}.Debug|x86.ActiveCfg = Debug|Any CPU
		{B892D71C-9D06-4C2F-AB5A-C3087C95137F}.Debug|x86.Build.0 = Debug|Any CPU
		{B892D71C-9D06-4C2F-AB5A-C3087C95137F}.Release|Any CPU.ActiveCfg = Release|Any CPU
		{B892D71C-9D06-4C2F-AB5A-C3087C95137F}.Release|Any CPU.Build.0 = Release|Any CPU
		{B892D71C-9D06-4C2F-AB5A-C3087C95137F}.Release|x64.ActiveCfg = Release|Any CPU
		{B892D71C-9D06-4C2F-AB5A-C3087C95137F}.Release|x64.Build.0 = Release|Any CPU
		{B892D71C-9D06-4C2F-AB5A-C3087C95137F}.Release|x86.ActiveCfg = Release|Any CPU
		{B892D71C-9D06-4C2F-AB5A-C3087C95137F}.Release|x86.Build.0 = Release|Any CPU
		{12FE6B07-F9C1-4CAC-B544-E8BE5673C9BC}.Debug|Any CPU.ActiveCfg = Debug|Any CPU
		{12FE6B07-F9C1-4CAC-B544-E8BE5673C9BC}.Debug|Any CPU.Build.0 = Debug|Any CPU
		{12FE6B07-F9C1-4CAC-B544-E8BE5673C9BC}.Debug|x64.ActiveCfg = Debug|Any CPU
		{12FE6B07-F9C1-4CAC-B544-E8BE5673C9BC}.Debug|x64.Build.0 = Debug|Any CPU
		{12FE6B07-F9C1-4CAC-B544-E8BE5673C9BC}.Debug|x86.ActiveCfg = Debug|Any CPU
		{12FE6B07-F9C1-4CAC-B544-E8BE5673C9BC}.Debug|x86.Build.0 = Debug|Any CPU
		{12FE6B07-F9C1-4CAC-B544-E8BE5673C9BC}.Release|Any CPU.ActiveCfg = Release|Any CPU
		{12FE6B07-F9C1-4CAC-B544-E8BE5673C9BC}.Release|Any CPU.Build.0 = Release|Any CPU
		{12FE6B07-F9C1-4CAC-B544-E8BE5673C9BC}.Release|x64.ActiveCfg = Release|Any CPU
		{12FE6B07-F9C1-4CAC-B544-E8BE5673C9BC}.Release|x64.Build.0 = Release|Any CPU
		{12FE6B07-F9C1-4CAC-B544-E8BE5673C9BC}.Release|x86.ActiveCfg = Release|Any CPU
		{12FE6B07-F9C1-4CAC-B544-E8BE5673C9BC}.Release|x86.Build.0 = Release|Any CPU
		{9B20A372-9DE8-4D4A-8536-FD77C359326D}.Debug|Any CPU.ActiveCfg = Debug|Any CPU
		{9B20A372-9DE8-4D4A-8536-FD77C359326D}.Debug|Any CPU.Build.0 = Debug|Any CPU
		{9B20A372-9DE8-4D4A-8536-FD77C359326D}.Debug|x64.ActiveCfg = Debug|Any CPU
		{9B20A372-9DE8-4D4A-8536-FD77C359326D}.Debug|x64.Build.0 = Debug|Any CPU
		{9B20A372-9DE8-4D4A-8536-FD77C359326D}.Debug|x86.ActiveCfg = Debug|Any CPU
		{9B20A372-9DE8-4D4A-8536-FD77C359326D}.Debug|x86.Build.0 = Debug|Any CPU
		{9B20A372-9DE8-4D4A-8536-FD77C359326D}.Release|Any CPU.ActiveCfg = Release|Any CPU
		{9B20A372-9DE8-4D4A-8536-FD77C359326D}.Release|Any CPU.Build.0 = Release|Any CPU
		{9B20A372-9DE8-4D4A-8536-FD77C359326D}.Release|x64.ActiveCfg = Release|Any CPU
		{9B20A372-9DE8-4D4A-8536-FD77C359326D}.Release|x64.Build.0 = Release|Any CPU
		{9B20A372-9DE8-4D4A-8536-FD77C359326D}.Release|x86.ActiveCfg = Release|Any CPU
		{9B20A372-9DE8-4D4A-8536-FD77C359326D}.Release|x86.Build.0 = Release|Any CPU
		{6B14D07A-5873-4441-8386-5786BDF996C0}.Debug|Any CPU.ActiveCfg = Debug|Any CPU
		{6B14D07A-5873-4441-8386-5786BDF996C0}.Debug|Any CPU.Build.0 = Debug|Any CPU
		{6B14D07A-5873-4441-8386-5786BDF996C0}.Debug|x64.ActiveCfg = Debug|Any CPU
		{6B14D07A-5873-4441-8386-5786BDF996C0}.Debug|x64.Build.0 = Debug|Any CPU
		{6B14D07A-5873-4441-8386-5786BDF996C0}.Debug|x86.ActiveCfg = Debug|Any CPU
		{6B14D07A-5873-4441-8386-5786BDF996C0}.Debug|x86.Build.0 = Debug|Any CPU
		{6B14D07A-5873-4441-8386-5786BDF996C0}.Release|Any CPU.ActiveCfg = Release|Any CPU
		{6B14D07A-5873-4441-8386-5786BDF996C0}.Release|Any CPU.Build.0 = Release|Any CPU
		{6B14D07A-5873-4441-8386-5786BDF996C0}.Release|x64.ActiveCfg = Release|Any CPU
		{6B14D07A-5873-4441-8386-5786BDF996C0}.Release|x64.Build.0 = Release|Any CPU
		{6B14D07A-5873-4441-8386-5786BDF996C0}.Release|x86.ActiveCfg = Release|Any CPU
		{6B14D07A-5873-4441-8386-5786BDF996C0}.Release|x86.Build.0 = Release|Any CPU
	EndGlobalSection
	GlobalSection(SolutionProperties) = preSolution
		HideSolutionNode = FALSE
	EndGlobalSection
	GlobalSection(NestedProjects) = preSolution
		{36E76444-28B4-4EC7-BFCA-5E80FDB1676F} = {7266C4A9-E384-DC00-0EB6-47F6002CFBA7}
		{357A7C97-5AE1-023F-1442-0D9F9AF22A31} = {5854FF58-B8C5-05C6-5BF2-ACE42193F22B}
		{65D2416D-BA35-494E-B1D4-85C8093E4785} = {357A7C97-5AE1-023F-1442-0D9F9AF22A31}
		{592AE244-B8C3-7359-44CE-C8C9CEEB9BEC} = {5854FF58-B8C5-05C6-5BF2-ACE42193F22B}
		{513E2BB8-454E-4538-8919-85AE49D2AFB5} = {592AE244-B8C3-7359-44CE-C8C9CEEB9BEC}
		{043111A1-E0DC-471E-943A-1897DF1F43B9} = {C3A202AD-EADD-4864-49DF-ED20E2971546}
		{A3EB3B8E-A382-883F-4EF5-65D661ECE351} = {5854FF58-B8C5-05C6-5BF2-ACE42193F22B}
		{3ADF5172-5E65-4FC8-9B83-333767F4B44B} = {A3EB3B8E-A382-883F-4EF5-65D661ECE351}
		{F906E1E3-8BE2-0270-E35A-0D3BD06BFDA1} = {5854FF58-B8C5-05C6-5BF2-ACE42193F22B}
		{66CD3C3A-97C0-4372-A361-F548AEE8F8ED} = {F906E1E3-8BE2-0270-E35A-0D3BD06BFDA1}
		{E968773F-A3F0-8B5A-CFB8-BE121AA8E63F} = {5854FF58-B8C5-05C6-5BF2-ACE42193F22B}
		{62D4FA51-79CB-4896-B1C8-F414593E7AFC} = {E968773F-A3F0-8B5A-CFB8-BE121AA8E63F}
		{00D5FA09-9A52-E7D4-27A8-8813305D18EB} = {5854FF58-B8C5-05C6-5BF2-ACE42193F22B}
		{B896FD49-27AC-4334-8938-E09F4F394E14} = {00D5FA09-9A52-E7D4-27A8-8813305D18EB}
		{3A4FE308-54B2-BF21-A95D-115C872F7699} = {5854FF58-B8C5-05C6-5BF2-ACE42193F22B}
		{9FF47C41-6D7C-4F14-A4FB-8CCA0C8E7814} = {3A4FE308-54B2-BF21-A95D-115C872F7699}
		{6B2CB54C-E7F8-C45B-A4DA-FB37389901FF} = {5854FF58-B8C5-05C6-5BF2-ACE42193F22B}
		{419342BC-468A-4F99-91D7-49CAE91284B5} = {6B2CB54C-E7F8-C45B-A4DA-FB37389901FF}
		{D4825299-4BEA-40B0-9684-0A49CAF3AAD6} = {0AB3BF05-4346-4AA6-1389-037BE0695223}
		{3479AA03-6830-43E2-4C23-E13F8C31719B} = {5854FF58-B8C5-05C6-5BF2-ACE42193F22B}
		{37F333F3-E58F-4896-9A55-8FFAEAF1B733} = {3479AA03-6830-43E2-4C23-E13F8C31719B}
		{1D1AC928-A29D-0601-8217-FA11C5391544} = {5854FF58-B8C5-05C6-5BF2-ACE42193F22B}
		{468387C3-3A30-44B9-8847-9356DC9EB15E} = {1D1AC928-A29D-0601-8217-FA11C5391544}
		{395AF85C-13CF-F461-744E-D9404F985670} = {5854FF58-B8C5-05C6-5BF2-ACE42193F22B}
		{B892D71C-9D06-4C2F-AB5A-C3087C95137F} = {395AF85C-13CF-F461-744E-D9404F985670}
		{093D18F0-D003-314D-5FF9-986B0F652A33} = {5854FF58-B8C5-05C6-5BF2-ACE42193F22B}
		{12FE6B07-F9C1-4CAC-B544-E8BE5673C9BC} = {093D18F0-D003-314D-5FF9-986B0F652A33}
		{74573BF9-7780-B24A-18FF-7A0F5C65AAFB} = {5854FF58-B8C5-05C6-5BF2-ACE42193F22B}
		{9B20A372-9DE8-4D4A-8536-FD77C359326D} = {74573BF9-7780-B24A-18FF-7A0F5C65AAFB}
		{694370DE-EFDF-417D-2C0B-565E7EEF2A7A} = {5854FF58-B8C5-05C6-5BF2-ACE42193F22B}
		{6B14D07A-5873-4441-8386-5786BDF996C0} = {694370DE-EFDF-417D-2C0B-565E7EEF2A7A}
	EndGlobalSection
EndGlobal
